// !$*UTF8*$!
{
	archiveVersion = 1;
	classes = {
	};
	objectVersion = 52;
	objects = {

/* Begin PBXBuildFile section */
		88219E1424DFAC0500ACAE5B /* StatView.swift in Sources */ = {isa = PBXBuildFile; fileRef = 88219E1324DFAC0500ACAE5B /* StatView.swift */; };
		88219E1C24DFC2E700ACAE5B /* StatsViewController.swift in Sources */ = {isa = PBXBuildFile; fileRef = 88219E1B24DFC2E700ACAE5B /* StatsViewController.swift */; };
		88219E1E24E12C7300ACAE5B /* Countries.swift in Sources */ = {isa = PBXBuildFile; fileRef = 88219E1D24E12C7200ACAE5B /* Countries.swift */; };
		88450BCA24DA3C1500FB763A /* AppDelegate.swift in Sources */ = {isa = PBXBuildFile; fileRef = 88450BC924DA3C1500FB763A /* AppDelegate.swift */; };
		88450BCC24DA3C1500FB763A /* SceneDelegate.swift in Sources */ = {isa = PBXBuildFile; fileRef = 88450BCB24DA3C1500FB763A /* SceneDelegate.swift */; };
		88450BCE24DA3C1500FB763A /* ViewController.swift in Sources */ = {isa = PBXBuildFile; fileRef = 88450BCD24DA3C1500FB763A /* ViewController.swift */; };
		88450BD124DA3C1500FB763A /* Main.storyboard in Resources */ = {isa = PBXBuildFile; fileRef = 88450BCF24DA3C1500FB763A /* Main.storyboard */; };
		88450BD324DA3C1700FB763A /* Assets.xcassets in Resources */ = {isa = PBXBuildFile; fileRef = 88450BD224DA3C1700FB763A /* Assets.xcassets */; };
		88450BD624DA3C1700FB763A /* LaunchScreen.storyboard in Resources */ = {isa = PBXBuildFile; fileRef = 88450BD424DA3C1700FB763A /* LaunchScreen.storyboard */; };
		88450BE324DD2C4400FB763A /* SwiftyJSON in Frameworks */ = {isa = PBXBuildFile; productRef = 88450BE224DD2C4400FB763A /* SwiftyJSON */; };
		88450BE624DD2C9700FB763A /* SDWebImageSwiftUI in Frameworks */ = {isa = PBXBuildFile; productRef = 88450BE524DD2C9700FB763A /* SDWebImageSwiftUI */; };
		88450BE824DD301600FB763A /* NewsVC.swift in Sources */ = {isa = PBXBuildFile; fileRef = 88450BE724DD301600FB763A /* NewsVC.swift */; };
		88450BEE24DE5A0800FB763A /* NewsCell.swift in Sources */ = {isa = PBXBuildFile; fileRef = 88450BED24DE5A0800FB763A /* NewsCell.swift */; };
		88450BF124DE5B3A00FB763A /* Alamofire in Frameworks */ = {isa = PBXBuildFile; productRef = 88450BF024DE5B3A00FB763A /* Alamofire */; };
		8895AA5624FAFA2D0041FA22 /* SympViewlink.swift in Sources */ = {isa = PBXBuildFile; fileRef = 8895AA5524FAFA2D0041FA22 /* SympViewlink.swift */; };
		8895AA5824FAFAEF0041FA22 /* NSAttributedStringExtension.swift in Sources */ = {isa = PBXBuildFile; fileRef = 8895AA5724FAFAEF0041FA22 /* NSAttributedStringExtension.swift */; };
		8895AA5A24FB05BB0041FA22 /* HelpViewlink.swift in Sources */ = {isa = PBXBuildFile; fileRef = 8895AA5924FB05BB0041FA22 /* HelpViewlink.swift */; };
/* End PBXBuildFile section */

/* Begin PBXFileReference section */
		88219E1324DFAC0500ACAE5B /* StatView.swift */ = {isa = PBXFileReference; lastKnownFileType = sourcecode.swift; path = StatView.swift; sourceTree = "<group>"; };
		88219E1B24DFC2E700ACAE5B /* StatsViewController.swift */ = {isa = PBXFileReference; lastKnownFileType = sourcecode.swift; path = StatsViewController.swift; sourceTree = "<group>"; };
		88219E1D24E12C7200ACAE5B /* Countries.swift */ = {isa = PBXFileReference; lastKnownFileType = sourcecode.swift; path = Countries.swift; sourceTree = "<group>"; };
		88450BC624DA3C1500FB763A /* OutbreakData.app */ = {isa = PBXFileReference; explicitFileType = wrapper.application; includeInIndex = 0; path = OutbreakData.app; sourceTree = BUILT_PRODUCTS_DIR; };
		88450BC924DA3C1500FB763A /* AppDelegate.swift */ = {isa = PBXFileReference; lastKnownFileType = sourcecode.swift; path = AppDelegate.swift; sourceTree = "<group>"; };
		88450BCB24DA3C1500FB763A /* SceneDelegate.swift */ = {isa = PBXFileReference; lastKnownFileType = sourcecode.swift; path = SceneDelegate.swift; sourceTree = "<group>"; };
		88450BCD24DA3C1500FB763A /* ViewController.swift */ = {isa = PBXFileReference; lastKnownFileType = sourcecode.swift; path = ViewController.swift; sourceTree = "<group>"; };
		88450BD024DA3C1500FB763A /* Base */ = {isa = PBXFileReference; lastKnownFileType = file.storyboard; name = Base; path = Base.lproj/Main.storyboard; sourceTree = "<group>"; };
		88450BD224DA3C1700FB763A /* Assets.xcassets */ = {isa = PBXFileReference; lastKnownFileType = folder.assetcatalog; path = Assets.xcassets; sourceTree = "<group>"; };
		88450BD524DA3C1700FB763A /* Base */ = {isa = PBXFileReference; lastKnownFileType = file.storyboard; name = Base; path = Base.lproj/LaunchScreen.storyboard; sourceTree = "<group>"; };
		88450BD724DA3C1700FB763A /* Info.plist */ = {isa = PBXFileReference; lastKnownFileType = text.plist.xml; path = Info.plist; sourceTree = "<group>"; };
		88450BE724DD301600FB763A /* NewsVC.swift */ = {isa = PBXFileReference; lastKnownFileType = sourcecode.swift; path = NewsVC.swift; sourceTree = "<group>"; };
		88450BED24DE5A0800FB763A /* NewsCell.swift */ = {isa = PBXFileReference; lastKnownFileType = sourcecode.swift; path = NewsCell.swift; sourceTree = "<group>"; };
		8895AA5524FAFA2D0041FA22 /* SympViewlink.swift */ = {isa = PBXFileReference; lastKnownFileType = sourcecode.swift; path = SympViewlink.swift; sourceTree = "<group>"; };
		8895AA5724FAFAEF0041FA22 /* NSAttributedStringExtension.swift */ = {isa = PBXFileReference; lastKnownFileType = sourcecode.swift; path = NSAttributedStringExtension.swift; sourceTree = "<group>"; };
		8895AA5924FB05BB0041FA22 /* HelpViewlink.swift */ = {isa = PBXFileReference; lastKnownFileType = sourcecode.swift; path = HelpViewlink.swift; sourceTree = "<group>"; };
/* End PBXFileReference section */

/* Begin PBXFrameworksBuildPhase section */
		88450BC324DA3C1500FB763A /* Frameworks */ = {
			isa = PBXFrameworksBuildPhase;
			buildActionMask = 2147483647;
			files = (
				88450BF124DE5B3A00FB763A /* Alamofire in Frameworks */,
				88450BE624DD2C9700FB763A /* SDWebImageSwiftUI in Frameworks */,
				88450BE324DD2C4400FB763A /* SwiftyJSON in Frameworks */,
			);
			runOnlyForDeploymentPostprocessing = 0;
		};
/* End PBXFrameworksBuildPhase section */

/* Begin PBXGroup section */
		88450BBD24DA3C1500FB763A = {
			isa = PBXGroup;
			children = (
				88450BC824DA3C1500FB763A /* CoviData */,
				88450BC724DA3C1500FB763A /* Products */,
				88450BF224DE5B5C00FB763A /* Frameworks */,
			);
			sourceTree = "<group>";
		};
		88450BC724DA3C1500FB763A /* Products */ = {
			isa = PBXGroup;
			children = (
				88450BC624DA3C1500FB763A /* OutbreakData.app */,
			);
			name = Products;
			sourceTree = "<group>";
		};
		88450BC824DA3C1500FB763A /* CoviData */ = {
			isa = PBXGroup;
			children = (
				88450BCF24DA3C1500FB763A /* Main.storyboard */,
				88219E1324DFAC0500ACAE5B /* StatView.swift */,
				88219E1B24DFC2E700ACAE5B /* StatsViewController.swift */,
				88450BC924DA3C1500FB763A /* AppDelegate.swift */,
				88450BCB24DA3C1500FB763A /* SceneDelegate.swift */,
				88450BCD24DA3C1500FB763A /* ViewController.swift */,
				88450BED24DE5A0800FB763A /* NewsCell.swift */,
				88450BE724DD301600FB763A /* NewsVC.swift */,
				88450BD224DA3C1700FB763A /* Assets.xcassets */,
				88450BD424DA3C1700FB763A /* LaunchScreen.storyboard */,
				88219E1D24E12C7200ACAE5B /* Countries.swift */,
				88450BD724DA3C1700FB763A /* Info.plist */,
				8895AA5524FAFA2D0041FA22 /* SympViewlink.swift */,
				8895AA5924FB05BB0041FA22 /* HelpViewlink.swift */,
				8895AA5724FAFAEF0041FA22 /* NSAttributedStringExtension.swift */,
			);
			path = CoviData;
			sourceTree = "<group>";
		};
		88450BF224DE5B5C00FB763A /* Frameworks */ = {
			isa = PBXGroup;
			children = (
			);
			name = Frameworks;
			sourceTree = "<group>";
		};
/* End PBXGroup section */

/* Begin PBXNativeTarget section */
		88450BC524DA3C1500FB763A /* OutbreakData */ = {
			isa = PBXNativeTarget;
			buildConfigurationList = 88450BDA24DA3C1700FB763A /* Build configuration list for PBXNativeTarget "OutbreakData" */;
			buildPhases = (
				88450BC224DA3C1500FB763A /* Sources */,
				88450BC324DA3C1500FB763A /* Frameworks */,
				88450BC424DA3C1500FB763A /* Resources */,
			);
			buildRules = (
			);
			dependencies = (
			);
			name = OutbreakData;
			packageProductDependencies = (
				88450BE224DD2C4400FB763A /* SwiftyJSON */,
				88450BE524DD2C9700FB763A /* SDWebImageSwiftUI */,
				88450BF024DE5B3A00FB763A /* Alamofire */,
			);
			productName = CovidData;
			productReference = 88450BC624DA3C1500FB763A /* OutbreakData.app */;
			productType = "com.apple.product-type.application";
		};
/* End PBXNativeTarget section */

/* Begin PBXProject section */
		88450BBE24DA3C1500FB763A /* Project object */ = {
			isa = PBXProject;
			attributes = {
				LastSwiftUpdateCheck = 1140;
				LastUpgradeCheck = 1140;
				ORGANIZATIONNAME = "Farhan Juneja";
				TargetAttributes = {
					88450BC524DA3C1500FB763A = {
						CreatedOnToolsVersion = 11.4;
					};
				};
			};
			buildConfigurationList = 88450BC124DA3C1500FB763A /* Build configuration list for PBXProject "OutbreakData" */;
			compatibilityVersion = "Xcode 9.3";
			developmentRegion = en;
			hasScannedForEncodings = 0;
			knownRegions = (
				en,
				Base,
			);
			mainGroup = 88450BBD24DA3C1500FB763A;
			packageReferences = (
				88450BE124DD2C4400FB763A /* XCRemoteSwiftPackageReference "SwiftyJSON" */,
				88450BE424DD2C9700FB763A /* XCRemoteSwiftPackageReference "SDWebImageSwiftUI" */,
				88450BEF24DE5B3A00FB763A /* XCRemoteSwiftPackageReference "Alamofire" */,
			);
			productRefGroup = 88450BC724DA3C1500FB763A /* Products */;
			projectDirPath = "";
			projectRoot = "";
			targets = (
				88450BC524DA3C1500FB763A /* OutbreakData */,
			);
		};
/* End PBXProject section */

/* Begin PBXResourcesBuildPhase section */
		88450BC424DA3C1500FB763A /* Resources */ = {
			isa = PBXResourcesBuildPhase;
			buildActionMask = 2147483647;
			files = (
				88450BD624DA3C1700FB763A /* LaunchScreen.storyboard in Resources */,
				88450BD324DA3C1700FB763A /* Assets.xcassets in Resources */,
				88450BD124DA3C1500FB763A /* Main.storyboard in Resources */,
			);
			runOnlyForDeploymentPostprocessing = 0;
		};
/* End PBXResourcesBuildPhase section */

/* Begin PBXSourcesBuildPhase section */
		88450BC224DA3C1500FB763A /* Sources */ = {
			isa = PBXSourcesBuildPhase;
			buildActionMask = 2147483647;
			files = (
				88450BCE24DA3C1500FB763A /* ViewController.swift in Sources */,
				8895AA5624FAFA2D0041FA22 /* SympViewlink.swift in Sources */,
				88219E1424DFAC0500ACAE5B /* StatView.swift in Sources */,
				88450BE824DD301600FB763A /* NewsVC.swift in Sources */,
				88450BCA24DA3C1500FB763A /* AppDelegate.swift in Sources */,
				8895AA5824FAFAEF0041FA22 /* NSAttributedStringExtension.swift in Sources */,
				88219E1C24DFC2E700ACAE5B /* StatsViewController.swift in Sources */,
				88450BCC24DA3C1500FB763A /* SceneDelegate.swift in Sources */,
				88219E1E24E12C7300ACAE5B /* Countries.swift in Sources */,
				88450BEE24DE5A0800FB763A /* NewsCell.swift in Sources */,
				8895AA5A24FB05BB0041FA22 /* HelpViewlink.swift in Sources */,
			);
			runOnlyForDeploymentPostprocessing = 0;
		};
/* End PBXSourcesBuildPhase section */

/* Begin PBXVariantGroup section */
		88450BCF24DA3C1500FB763A /* Main.storyboard */ = {
			isa = PBXVariantGroup;
			children = (
				88450BD024DA3C1500FB763A /* Base */,
			);
			name = Main.storyboard;
			sourceTree = "<group>";
		};
		88450BD424DA3C1700FB763A /* LaunchScreen.storyboard */ = {
			isa = PBXVariantGroup;
			children = (
				88450BD524DA3C1700FB763A /* Base */,
			);
			name = LaunchScreen.storyboard;
			sourceTree = "<group>";
		};
/* End PBXVariantGroup section */

/* Begin XCBuildConfiguration section */
		88450BD824DA3C1700FB763A /* Debug */ = {
			isa = XCBuildConfiguration;
			buildSettings = {
				ALWAYS_SEARCH_USER_PATHS = NO;
				CLANG_ANALYZER_NONNULL = YES;
				CLANG_ANALYZER_NUMBER_OBJECT_CONVERSION = YES_AGGRESSIVE;
				CLANG_CXX_LANGUAGE_STANDARD = "gnu++14";
				CLANG_CXX_LIBRARY = "libc++";
				CLANG_ENABLE_MODULES = YES;
				CLANG_ENABLE_OBJC_ARC = YES;
				CLANG_ENABLE_OBJC_WEAK = YES;
				CLANG_WARN_BLOCK_CAPTURE_AUTORELEASING = YES;
				CLANG_WARN_BOOL_CONVERSION = YES;
				CLANG_WARN_COMMA = YES;
				CLANG_WARN_CONSTANT_CONVERSION = YES;
				CLANG_WARN_DEPRECATED_OBJC_IMPLEMENTATIONS = YES;
				CLANG_WARN_DIRECT_OBJC_ISA_USAGE = YES_ERROR;
				CLANG_WARN_DOCUMENTATION_COMMENTS = YES;
				CLANG_WARN_EMPTY_BODY = YES;
				CLANG_WARN_ENUM_CONVERSION = YES;
				CLANG_WARN_INFINITE_RECURSION = YES;
				CLANG_WARN_INT_CONVERSION = YES;
				CLANG_WARN_NON_LITERAL_NULL_CONVERSION = YES;
				CLANG_WARN_OBJC_IMPLICIT_RETAIN_SELF = YES;
				CLANG_WARN_OBJC_LITERAL_CONVERSION = YES;
				CLANG_WARN_OBJC_ROOT_CLASS = YES_ERROR;
				CLANG_WARN_RANGE_LOOP_ANALYSIS = YES;
				CLANG_WARN_STRICT_PROTOTYPES = YES;
				CLANG_WARN_SUSPICIOUS_MOVE = YES;
				CLANG_WARN_UNGUARDED_AVAILABILITY = YES_AGGRESSIVE;
				CLANG_WARN_UNREACHABLE_CODE = YES;
				CLANG_WARN__DUPLICATE_METHOD_MATCH = YES;
				COPY_PHASE_STRIP = NO;
				DEBUG_INFORMATION_FORMAT = dwarf;
				ENABLE_STRICT_OBJC_MSGSEND = YES;
				ENABLE_TESTABILITY = YES;
				GCC_C_LANGUAGE_STANDARD = gnu11;
				GCC_DYNAMIC_NO_PIC = NO;
				GCC_NO_COMMON_BLOCKS = YES;
				GCC_OPTIMIZATION_LEVEL = 0;
				GCC_PREPROCESSOR_DEFINITIONS = (
					"DEBUG=1",
					"$(inherited)",
				);
				GCC_WARN_64_TO_32_BIT_CONVERSION = YES;
				GCC_WARN_ABOUT_RETURN_TYPE = YES_ERROR;
				GCC_WARN_UNDECLARED_SELECTOR = YES;
				GCC_WARN_UNINITIALIZED_AUTOS = YES_AGGRESSIVE;
				GCC_WARN_UNUSED_FUNCTION = YES;
				GCC_WARN_UNUSED_VARIABLE = YES;
				IPHONEOS_DEPLOYMENT_TARGET = 13.4;
				MTL_ENABLE_DEBUG_INFO = INCLUDE_SOURCE;
				MTL_FAST_MATH = YES;
				ONLY_ACTIVE_ARCH = YES;
				SDKROOT = iphoneos;
				SWIFT_ACTIVE_COMPILATION_CONDITIONS = DEBUG;
				SWIFT_OPTIMIZATION_LEVEL = "-Onone";
			};
			name = Debug;
		};
		88450BD924DA3C1700FB763A /* Release */ = {
			isa = XCBuildConfiguration;
			buildSettings = {
				ALWAYS_SEARCH_USER_PATHS = NO;
				CLANG_ANALYZER_NONNULL = YES;
				CLANG_ANALYZER_NUMBER_OBJECT_CONVERSION = YES_AGGRESSIVE;
				CLANG_CXX_LANGUAGE_STANDARD = "gnu++14";
				CLANG_CXX_LIBRARY = "libc++";
				CLANG_ENABLE_MODULES = YES;
				CLANG_ENABLE_OBJC_ARC = YES;
				CLANG_ENABLE_OBJC_WEAK = YES;
				CLANG_WARN_BLOCK_CAPTURE_AUTORELEASING = YES;
				CLANG_WARN_BOOL_CONVERSION = YES;
				CLANG_WARN_COMMA = YES;
				CLANG_WARN_CONSTANT_CONVERSION = YES;
				CLANG_WARN_DEPRECATED_OBJC_IMPLEMENTATIONS = YES;
				CLANG_WARN_DIRECT_OBJC_ISA_USAGE = YES_ERROR;
				CLANG_WARN_DOCUMENTATION_COMMENTS = YES;
				CLANG_WARN_EMPTY_BODY = YES;
				CLANG_WARN_ENUM_CONVERSION = YES;
				CLANG_WARN_INFINITE_RECURSION = YES;
				CLANG_WARN_INT_CONVERSION = YES;
				CLANG_WARN_NON_LITERAL_NULL_CONVERSION = YES;
				CLANG_WARN_OBJC_IMPLICIT_RETAIN_SELF = YES;
				CLANG_WARN_OBJC_LITERAL_CONVERSION = YES;
				CLANG_WARN_OBJC_ROOT_CLASS = YES_ERROR;
				CLANG_WARN_RANGE_LOOP_ANALYSIS = YES;
				CLANG_WARN_STRICT_PROTOTYPES = YES;
				CLANG_WARN_SUSPICIOUS_MOVE = YES;
				CLANG_WARN_UNGUARDED_AVAILABILITY = YES_AGGRESSIVE;
				CLANG_WARN_UNREACHABLE_CODE = YES;
				CLANG_WARN__DUPLICATE_METHOD_MATCH = YES;
				COPY_PHASE_STRIP = NO;
				DEBUG_INFORMATION_FORMAT = "dwarf-with-dsym";
				ENABLE_NS_ASSERTIONS = NO;
				ENABLE_STRICT_OBJC_MSGSEND = YES;
				GCC_C_LANGUAGE_STANDARD = gnu11;
				GCC_NO_COMMON_BLOCKS = YES;
				GCC_WARN_64_TO_32_BIT_CONVERSION = YES;
				GCC_WARN_ABOUT_RETURN_TYPE = YES_ERROR;
				GCC_WARN_UNDECLARED_SELECTOR = YES;
				GCC_WARN_UNINITIALIZED_AUTOS = YES_AGGRESSIVE;
				GCC_WARN_UNUSED_FUNCTION = YES;
				GCC_WARN_UNUSED_VARIABLE = YES;
				IPHONEOS_DEPLOYMENT_TARGET = 13.4;
				MTL_ENABLE_DEBUG_INFO = NO;
				MTL_FAST_MATH = YES;
				SDKROOT = iphoneos;
				SWIFT_COMPILATION_MODE = wholemodule;
				SWIFT_OPTIMIZATION_LEVEL = "-O";
				VALIDATE_PRODUCT = YES;
			};
			name = Release;
		};
		88450BDB24DA3C1700FB763A /* Debug */ = {
			isa = XCBuildConfiguration;
			buildSettings = {
				ASSETCATALOG_COMPILER_APPICON_NAME = AppIcon;
				CODE_SIGN_STYLE = Automatic;
				CURRENT_PROJECT_VERSION = 3;
				DEVELOPMENT_TEAM = 2Z254TCN86;
				INFOPLIST_FILE = CoviData/Info.plist;
				LD_RUNPATH_SEARCH_PATHS = (
					"$(inherited)",
					"@executable_path/Frameworks",
				);
				MARKETING_VERSION = 1.0;
				PRODUCT_BUNDLE_IDENTIFIER = co.farhanjuneja.CoviData;
				PRODUCT_NAME = OutbreakData;
				SWIFT_VERSION = 5.0;
				TARGETED_DEVICE_FAMILY = 1;
			};
			name = Debug;
		};
		88450BDC24DA3C1700FB763A /* Release */ = {
			isa = XCBuildConfiguration;
			buildSettings = {
				ASSETCATALOG_COMPILER_APPICON_NAME = AppIcon;
				CODE_SIGN_STYLE = Automatic;
				CURRENT_PROJECT_VERSION = 3;
				DEVELOPMENT_TEAM = 2Z254TCN86;
				INFOPLIST_FILE = CoviData/Info.plist;
				LD_RUNPATH_SEARCH_PATHS = (
					"$(inherited)",
					"@executable_path/Frameworks",
				);
				MARKETING_VERSION = 1.0;
				PRODUCT_BUNDLE_IDENTIFIER = co.farhanjuneja.CoviData;
				PRODUCT_NAME = OutbreakData;
				SWIFT_VERSION = 5.0;
				TARGETED_DEVICE_FAMILY = 1;
			};
			name = Release;
		};
/* End XCBuildConfiguration section */

/* Begin XCConfigurationList section */
		88450BC124DA3C1500FB763A /* Build configuration list for PBXProject "OutbreakData" */ = {
			isa = XCConfigurationList;
			buildConfigurations = (
				88450BD824DA3C1700FB763A /* Debug */,
				88450BD924DA3C1700FB763A /* Release */,
			);
			defaultConfigurationIsVisible = 0;
			defaultConfigurationName = Release;
		};
		88450BDA24DA3C1700FB763A /* Build configuration list for PBXNativeTarget "OutbreakData" */ = {
			isa = XCConfigurationList;
			buildConfigurations = (
				88450BDB24DA3C1700FB763A /* Debug */,
				88450BDC24DA3C1700FB763A /* Release */,
			);
			defaultConfigurationIsVisible = 0;
			defaultConfigurationName = Release;
		};
/* End XCConfigurationList section */

/* Begin XCRemoteSwiftPackageReference section */
		88450BE124DD2C4400FB763A /* XCRemoteSwiftPackageReference "SwiftyJSON" */ = {
			isa = XCRemoteSwiftPackageReference;
			repositoryURL = "https://github.com/SwiftyJSON/SwiftyJSON.git";
			requirement = {
				kind = upToNextMajorVersion;
				minimumVersion = 5.0.0;
			};
		};
		88450BE424DD2C9700FB763A /* XCRemoteSwiftPackageReference "SDWebImageSwiftUI" */ = {
			isa = XCRemoteSwiftPackageReference;
			repositoryURL = "https://github.com/SDWebImage/SDWebImageSwiftUI.git";
			requirement = {
				kind = upToNextMajorVersion;
				minimumVersion = 1.5.0;
			};
		};
		88450BEF24DE5B3A00FB763A /* XCRemoteSwiftPackageReference "Alamofire" */ = {
			isa = XCRemoteSwiftPackageReference;
			repositoryURL = "https://github.com/Alamofire/Alamofire.git";
			requirement = {
				kind = upToNextMajorVersion;
				minimumVersion = 5.2.2;
			};
		};
/* End XCRemoteSwiftPackageReference section */

/* Begin XCSwiftPackageProductDependency section */
		88450BE224DD2C4400FB763A /* SwiftyJSON */ = {
			isa = XCSwiftPackageProductDependency;
			package = 88450BE124DD2C4400FB763A /* XCRemoteSwiftPackageReference "SwiftyJSON" */;
			productName = SwiftyJSON;
		};
		88450BE524DD2C9700FB763A /* SDWebImageSwiftUI */ = {
			isa = XCSwiftPackageProductDependency;
			package = 88450BE424DD2C9700FB763A /* XCRemoteSwiftPackageReference "SDWebImageSwiftUI" */;
			productName = SDWebImageSwiftUI;
		};
		88450BF024DE5B3A00FB763A /* Alamofire */ = {
			isa = XCSwiftPackageProductDependency;
			package = 88450BEF24DE5B3A00FB763A /* XCRemoteSwiftPackageReference "Alamofire" */;
			productName = Alamofire;
		};
/* End XCSwiftPackageProductDependency section */
	};
	rootObject = 88450BBE24DA3C1500FB763A /* Project object */;
}
